{
  "name": "public",
  "version": "1.0.0",
  "lockfileVersion": 1,
  "requires": true,
  "dependencies": {
    "@uirouter/core": {
      "version": "5.0.3",
      "resolved": "http://registry.npm.taobao.org/@uirouter/core/download/@uirouter/core-5.0.3.tgz",
      "integrity": "sha1-4rWx5FGQ4gxnuk4VwBPeXU4MyrM="
    },
    "angular": {
      "version": "1.6.7",
      "resolved": "http://registry.npm.taobao.org/angular/download/angular-1.6.7.tgz",
      "integrity": "sha1-D4mDfa4XdrAcyx+iCW2w2Tc9mJc="
    },
    "angular-ui-router": {
      "version": "1.0.3",
      "resolved": "http://registry.npm.taobao.org/angular-ui-router/download/angular-ui-router-1.0.3.tgz",
      "integrity": "sha1-vySUyq6Vw3zwGvN2HYl0fP7S20U=",
      "requires": {
        "@uirouter/core": "5.0.3"
      }
    },
    "insert-css": {
      "version": "0.0.0",
      "resolved": "http://registry.npm.taobao.org/insert-css/download/insert-css-0.0.0.tgz",
      "integrity": "sha1-IwS/pviTq+y4/5yo2cdgXZTPKRE="
    },
    "jquery": {
      "version": "3.2.1",
      "resolved": "http://registry.npm.taobao.org/jquery/download/jquery-3.2.1.tgz",
      "integrity": "sha1-XE2d5lKvbNCncBVKYxu6ErAVx4c="
    },
    "normalize-css": {
      "version": "2.3.1",
      "resolved": "http://registry.npm.taobao.org/normalize-css/download/normalize-css-2.3.1.tgz",
      "integrity": "sha1-/APjuR46Uap6GDa657K2rG1R4VY=",
      "requires": {
        "insert-css": "0.0.0"
      }
    }
  }
}
